
Microsoft Visual Studio Solution File, Format Version 12.00
# Visual Studio Version 17
VisualStudioVersion = 17.0.31903.59
MinimumVisualStudioVersion = 10.0.40219.1
Project("{9A19103F-16F7-4668-BE54-9A1E7A4F7556}") = "BlazorWASM.BFF.Auth0.OpenIDConnect.Shared", "BlazorWASM.BFF.Auth0.OpenIDConnect\Shared\BlazorWASM.BFF.Auth0.OpenIDConnect.Shared.csproj", "{C05DEDB5-2227-4ADC-BF5D-AED3471EC8C6}"
EndProject
Project("{9A19103F-16F7-4668-BE54-9A1E7A4F7556}") = "BlazorWASM.BFF.Auth0.OpenIDConnect.Server", "BlazorWASM.BFF.Auth0.OpenIDConnect\Server\BlazorWASM.BFF.Auth0.OpenIDConnect.Server.csproj", "{476396E2-D89C-491C-8817-3762AB1D38C5}"
EndProject
Project("{9A19103F-16F7-4668-BE54-9A1E7A4F7556}") = "BlazorWASM.BFF.Auth0.OpenIDConnect.Client", "BlazorWASM.BFF.Auth0.OpenIDConnect\Client\BlazorWASM.BFF.Auth0.OpenIDConnect.Client.csproj", "{B49F91B7-D28C-45CB-B86C-0A71A91F5C2E}"
EndProject
Global
	GlobalSection(SolutionConfigurationPlatforms) = preSolution
		Debug|Any CPU = Debug|Any CPU
		Release|Any CPU = Release|Any CPU
	EndGlobalSection
	GlobalSection(ProjectConfigurationPlatforms) = postSolution
		{C05DEDB5-2227-4ADC-BF5D-AED3471EC8C6}.Debug|Any CPU.ActiveCfg = Debug|Any CPU
		{C05DEDB5-2227-4ADC-BF5D-AED3471EC8C6}.Debug|Any CPU.Build.0 = Debug|Any CPU
		{C05DEDB5-2227-4ADC-BF5D-AED3471EC8C6}.Release|Any CPU.ActiveCfg = Release|Any CPU
		{C05DEDB5-2227-4ADC-BF5D-AED3471EC8C6}.Release|Any CPU.Build.0 = Release|Any CPU
		{476396E2-D89C-491C-8817-3762AB1D38C5}.Debug|Any CPU.ActiveCfg = Debug|Any CPU
		{476396E2-D89C-491C-8817-3762AB1D38C5}.Debug|Any CPU.Build.0 = Debug|Any CPU
		{476396E2-D89C-491C-8817-3762AB1D38C5}.Release|Any CPU.ActiveCfg = Release|Any CPU
		{476396E2-D89C-491C-8817-3762AB1D38C5}.Release|Any CPU.Build.0 = Release|Any CPU
		{B49F91B7-D28C-45CB-B86C-0A71A91F5C2E}.Debug|Any CPU.ActiveCfg = Debug|Any CPU
		{B49F91B7-D28C-45CB-B86C-0A71A91F5C2E}.Debug|Any CPU.Build.0 = Debug|Any CPU
		{B49F91B7-D28C-45CB-B86C-0A71A91F5C2E}.Release|Any CPU.ActiveCfg = Release|Any CPU
		{B49F91B7-D28C-45CB-B86C-0A71A91F5C2E}.Release|Any CPU.Build.0 = Release|Any CPU
	EndGlobalSection
	GlobalSection(SolutionProperties) = preSolution
		HideSolutionNode = FALSE
	EndGlobalSection
	GlobalSection(ExtensibilityGlobals) = postSolution
		SolutionGuid = {6DBF8473-06FC-43AF-A14F-41F17AB93C7E}
	EndGlobalSection
EndGlobal
